
Microsoft Visual Studio Solution File, Format Version 12.00
# Visual Studio Version 17
VisualStudioVersion = 17.14.36127.28
MinimumVisualStudioVersion = 10.0.40219.1
Project("{FAE04EC0-301F-11D3-BF4B-00C04F79EFBC}") = "Client", "Client\Client.csproj", "{75D0A159-8CAD-4164-B2A7-38254E158E69}"
EndProject
Project("{FAE04EC0-301F-11D3-BF4B-00C04F79EFBC}") = "Server", "Server\Server.csproj", "{04DA8E82-AEF5-4699-A1CD-6260C35E6799}"
EndProject
Project("{FAE04EC0-301F-11D3-BF4B-00C04F79EFBC}") = "Common", "Common\Common.csproj", "{49C5E82E-35BA-4115-B768-38159C04056B}"
EndProject
Project("{FAE04EC0-301F-11D3-BF4B-00C04F79EFBC}") = "UnitTests", "UnitTests\UnitTests.csproj", "{952B6680-F5AB-4275-B6C5-80D900CDF01F}"
EndProject
Project("{FAE04EC0-301F-11D3-BF4B-00C04F79EFBC}") = "IntegrationTests", "IntegrationTests\IntegrationTests.csproj", "{24A1B698-3227-49E0-9F2C-24E6C9A56C77}"
EndProject
Project("{FAE04EC0-301F-11D3-BF4B-00C04F79EFBC}") = "ServerDemo", "ServerDemo\ServerDemo.csproj", "{B0A6D419-FFF4-4506-8640-7FA7682F2CCA}"
EndProject
Global
	GlobalSection(SolutionConfigurationPlatforms) = preSolution
		Debug|Any CPU = Debug|Any CPU
		Release|Any CPU = Release|Any CPU
	EndGlobalSection
	GlobalSection(ProjectConfigurationPlatforms) = postSolution
		{75D0A159-8CAD-4164-B2A7-38254E158E69}.Debug|Any CPU.ActiveCfg = Debug|Any CPU
		{75D0A159-8CAD-4164-B2A7-38254E158E69}.Debug|Any CPU.Build.0 = Debug|Any CPU
		{75D0A159-8CAD-4164-B2A7-38254E158E69}.Release|Any CPU.ActiveCfg = Release|Any CPU
		{75D0A159-8CAD-4164-B2A7-38254E158E69}.Release|Any CPU.Build.0 = Release|Any CPU
		{04DA8E82-AEF5-4699-A1CD-6260C35E6799}.Debug|Any CPU.ActiveCfg = Debug|Any CPU
		{04DA8E82-AEF5-4699-A1CD-6260C35E6799}.Debug|Any CPU.Build.0 = Debug|Any CPU
		{04DA8E82-AEF5-4699-A1CD-6260C35E6799}.Release|Any CPU.ActiveCfg = Release|Any CPU
		{04DA8E82-AEF5-4699-A1CD-6260C35E6799}.Release|Any CPU.Build.0 = Release|Any CPU
		{49C5E82E-35BA-4115-B768-38159C04056B}.Debug|Any CPU.ActiveCfg = Debug|Any CPU
		{49C5E82E-35BA-4115-B768-38159C04056B}.Debug|Any CPU.Build.0 = Debug|Any CPU
		{49C5E82E-35BA-4115-B768-38159C04056B}.Release|Any CPU.ActiveCfg = Release|Any CPU
		{49C5E82E-35BA-4115-B768-38159C04056B}.Release|Any CPU.Build.0 = Release|Any CPU
		{952B6680-F5AB-4275-B6C5-80D900CDF01F}.Debug|Any CPU.ActiveCfg = Debug|Any CPU
		{952B6680-F5AB-4275-B6C5-80D900CDF01F}.Debug|Any CPU.Build.0 = Debug|Any CPU
		{952B6680-F5AB-4275-B6C5-80D900CDF01F}.Release|Any CPU.ActiveCfg = Release|Any CPU
		{952B6680-F5AB-4275-B6C5-80D900CDF01F}.Release|Any CPU.Build.0 = Release|Any CPU
		{24A1B698-3227-49E0-9F2C-24E6C9A56C77}.Debug|Any CPU.ActiveCfg = Debug|Any CPU
		{24A1B698-3227-49E0-9F2C-24E6C9A56C77}.Debug|Any CPU.Build.0 = Debug|Any CPU
		{24A1B698-3227-49E0-9F2C-24E6C9A56C77}.Release|Any CPU.ActiveCfg = Release|Any CPU
		{24A1B698-3227-49E0-9F2C-24E6C9A56C77}.Release|Any CPU.Build.0 = Release|Any CPU
		{B0A6D419-FFF4-4506-8640-7FA7682F2CCA}.Debug|Any CPU.ActiveCfg = Debug|Any CPU
		{B0A6D419-FFF4-4506-8640-7FA7682F2CCA}.Debug|Any CPU.Build.0 = Debug|Any CPU
		{B0A6D419-FFF4-4506-8640-7FA7682F2CCA}.Release|Any CPU.ActiveCfg = Release|Any CPU
		{B0A6D419-FFF4-4506-8640-7FA7682F2CCA}.Release|Any CPU.Build.0 = Release|Any CPU
	EndGlobalSection
	GlobalSection(SolutionProperties) = preSolution
		HideSolutionNode = FALSE
	EndGlobalSection
	GlobalSection(ExtensibilityGlobals) = postSolution
		SolutionGuid = {95623F81-0441-4DFE-B73B-AC94A4642ABA}
	EndGlobalSection
EndGlobal
